
Microsoft Visual Studio Solution File, Format Version 12.00
# Visual Studio Version 16
VisualStudioVersion = 16.0.30717.126
MinimumVisualStudioVersion = 10.0.40219.1
Project("{9A19103F-16F7-4668-BE54-9A1E7A4F7556}") = "Travis", "Travis\Travis.csproj", "{9AF07161-74AD-49E7-A80A-CF23CF63C8FC}"
EndProject
Project("{9A19103F-16F7-4668-BE54-9A1E7A4F7556}") = "TravisCalculator", "TravisCalculator\TravisCalculator.csproj", "{BC034657-2F43-4A0A-8A29-1E7C59C7388A}"
EndProject
Project("{FAE04EC0-301F-11D3-BF4B-00C04F79EFBC}") = "TravisCalculator.Tests", "TravisCalculator.Tests\TravisCalculator.Tests.csproj", "{5475DE66-64FA-436D-B2DC-3C0D241431C0}"
EndProject
Global
	GlobalSection(SolutionConfigurationPlatforms) = preSolution
		Debug|Any CPU = Debug|Any CPU
		Release|Any CPU = Release|Any CPU
	EndGlobalSection
	GlobalSection(ProjectConfigurationPlatforms) = postSolution
		{9AF07161-74AD-49E7-A80A-CF23CF63C8FC}.Debug|Any CPU.ActiveCfg = Debug|Any CPU
		{9AF07161-74AD-49E7-A80A-CF23CF63C8FC}.Debug|Any CPU.Build.0 = Debug|Any CPU
		{9AF07161-74AD-49E7-A80A-CF23CF63C8FC}.Release|Any CPU.ActiveCfg = Release|Any CPU
		{9AF07161-74AD-49E7-A80A-CF23CF63C8FC}.Release|Any CPU.Build.0 = Release|Any CPU
		{BC034657-2F43-4A0A-8A29-1E7C59C7388A}.Debug|Any CPU.ActiveCfg = Debug|Any CPU
		{BC034657-2F43-4A0A-8A29-1E7C59C7388A}.Debug|Any CPU.Build.0 = Debug|Any CPU
		{BC034657-2F43-4A0A-8A29-1E7C59C7388A}.Release|Any CPU.ActiveCfg = Release|Any CPU
		{BC034657-2F43-4A0A-8A29-1E7C59C7388A}.Release|Any CPU.Build.0 = Release|Any CPU
		{5475DE66-64FA-436D-B2DC-3C0D241431C0}.Debug|Any CPU.ActiveCfg = Debug|Any CPU
		{5475DE66-64FA-436D-B2DC-3C0D241431C0}.Debug|Any CPU.Build.0 = Debug|Any CPU
		{5475DE66-64FA-436D-B2DC-3C0D241431C0}.Release|Any CPU.ActiveCfg = Release|Any CPU
		{5475DE66-64FA-436D-B2DC-3C0D241431C0}.Release|Any CPU.Build.0 = Release|Any CPU
	EndGlobalSection
	GlobalSection(SolutionProperties) = preSolution
		HideSolutionNode = FALSE
	EndGlobalSection
	GlobalSection(ExtensibilityGlobals) = postSolution
		SolutionGuid = {2811D7CE-3BF1-4342-9E47-E0872863FC79}
	EndGlobalSection
EndGlobal
